
Microsoft Visual Studio Solution File, Format Version 12.00
# Visual Studio Version 17
VisualStudioVersion = 17.0.31903.59
MinimumVisualStudioVersion = 10.0.40219.1
Project("{FAE04EC0-301F-11D3-BF4B-00C04F79EFBC}") = "PersonalAssistant.Domain", "PersonalAssistant.Domain\PersonalAssistant.Domain.csproj", "{15EF5B26-B79D-4593-BFF8-8FC3666289D2}"
EndProject
Project("{FAE04EC0-301F-11D3-BF4B-00C04F79EFBC}") = "PersonalAssistant.Application", "PersonalAssistant.Application\PersonalAssistant.Application.csproj", "{EA4C82AA-EEB4-489C-BA34-BE7F69C16923}"
EndProject
Project("{FAE04EC0-301F-11D3-BF4B-00C04F79EFBC}") = "PersonalAssistant.Infrastructure", "PersonalAssistant.Infrastructure\PersonalAssistant.Infrastructure.csproj", "{9B6E9D30-0305-41AF-AF42-E96A7C35B98C}"
EndProject
Project("{FAE04EC0-301F-11D3-BF4B-00C04F79EFBC}") = "PersonalAssistant.Presentation", "PersonalAssistant.Presentation\PersonalAssistant.Presentation.csproj", "{07550361-197B-4AE3-8218-5A75CF04D097}"
EndProject
Global
	GlobalSection(SolutionConfigurationPlatforms) = preSolution
		Debug|Any CPU = Debug|Any CPU
		Debug|x64 = Debug|x64
		Debug|x86 = Debug|x86
		Release|Any CPU = Release|Any CPU
		Release|x64 = Release|x64
		Release|x86 = Release|x86
	EndGlobalSection
	GlobalSection(ProjectConfigurationPlatforms) = postSolution
		{15EF5B26-B79D-4593-BFF8-8FC3666289D2}.Debug|Any CPU.ActiveCfg = Debug|Any CPU
		{15EF5B26-B79D-4593-BFF8-8FC3666289D2}.Debug|Any CPU.Build.0 = Debug|Any CPU
		{15EF5B26-B79D-4593-BFF8-8FC3666289D2}.Debug|x64.ActiveCfg = Debug|Any CPU
		{15EF5B26-B79D-4593-BFF8-8FC3666289D2}.Debug|x64.Build.0 = Debug|Any CPU
		{15EF5B26-B79D-4593-BFF8-8FC3666289D2}.Debug|x86.ActiveCfg = Debug|Any CPU
		{15EF5B26-B79D-4593-BFF8-8FC3666289D2}.Debug|x86.Build.0 = Debug|Any CPU
		{15EF5B26-B79D-4593-BFF8-8FC3666289D2}.Release|Any CPU.ActiveCfg = Release|Any CPU
		{15EF5B26-B79D-4593-BFF8-8FC3666289D2}.Release|Any CPU.Build.0 = Release|Any CPU
		{15EF5B26-B79D-4593-BFF8-8FC3666289D2}.Release|x64.ActiveCfg = Release|Any CPU
		{15EF5B26-B79D-4593-BFF8-8FC3666289D2}.Release|x64.Build.0 = Release|Any CPU
		{15EF5B26-B79D-4593-BFF8-8FC3666289D2}.Release|x86.ActiveCfg = Release|Any CPU
		{15EF5B26-B79D-4593-BFF8-8FC3666289D2}.Release|x86.Build.0 = Release|Any CPU
		{EA4C82AA-EEB4-489C-BA34-BE7F69C16923}.Debug|Any CPU.ActiveCfg = Debug|Any CPU
		{EA4C82AA-EEB4-489C-BA34-BE7F69C16923}.Debug|Any CPU.Build.0 = Debug|Any CPU
		{EA4C82AA-EEB4-489C-BA34-BE7F69C16923}.Debug|x64.ActiveCfg = Debug|Any CPU
		{EA4C82AA-EEB4-489C-BA34-BE7F69C16923}.Debug|x64.Build.0 = Debug|Any CPU
		{EA4C82AA-EEB4-489C-BA34-BE7F69C16923}.Debug|x86.ActiveCfg = Debug|Any CPU
		{EA4C82AA-EEB4-489C-BA34-BE7F69C16923}.Debug|x86.Build.0 = Debug|Any CPU
		{EA4C82AA-EEB4-489C-BA34-BE7F69C16923}.Release|Any CPU.ActiveCfg = Release|Any CPU
		{EA4C82AA-EEB4-489C-BA34-BE7F69C16923}.Release|Any CPU.Build.0 = Release|Any CPU
		{EA4C82AA-EEB4-489C-BA34-BE7F69C16923}.Release|x64.ActiveCfg = Release|Any CPU
		{EA4C82AA-EEB4-489C-BA34-BE7F69C16923}.Release|x64.Build.0 = Release|Any CPU
		{EA4C82AA-EEB4-489C-BA34-BE7F69C16923}.Release|x86.ActiveCfg = Release|Any CPU
		{EA4C82AA-EEB4-489C-BA34-BE7F69C16923}.Release|x86.Build.0 = Release|Any CPU
		{9B6E9D30-0305-41AF-AF42-E96A7C35B98C}.Debug|Any CPU.ActiveCfg = Debug|Any CPU
		{9B6E9D30-0305-41AF-AF42-E96A7C35B98C}.Debug|Any CPU.Build.0 = Debug|Any CPU
		{9B6E9D30-0305-41AF-AF42-E96A7C35B98C}.Debug|x64.ActiveCfg = Debug|Any CPU
		{9B6E9D30-0305-41AF-AF42-E96A7C35B98C}.Debug|x64.Build.0 = Debug|Any CPU
		{9B6E9D30-0305-41AF-AF42-E96A7C35B98C}.Debug|x86.ActiveCfg = Debug|Any CPU
		{9B6E9D30-0305-41AF-AF42-E96A7C35B98C}.Debug|x86.Build.0 = Debug|Any CPU
		{9B6E9D30-0305-41AF-AF42-E96A7C35B98C}.Release|Any CPU.ActiveCfg = Release|Any CPU
		{9B6E9D30-0305-41AF-AF42-E96A7C35B98C}.Release|Any CPU.Build.0 = Release|Any CPU
		{9B6E9D30-0305-41AF-AF42-E96A7C35B98C}.Release|x64.ActiveCfg = Release|Any CPU
		{9B6E9D30-0305-41AF-AF42-E96A7C35B98C}.Release|x64.Build.0 = Release|Any CPU
		{9B6E9D30-0305-41AF-AF42-E96A7C35B98C}.Release|x86.ActiveCfg = Release|Any CPU
		{9B6E9D30-0305-41AF-AF42-E96A7C35B98C}.Release|x86.Build.0 = Release|Any CPU
		{07550361-197B-4AE3-8218-5A75CF04D097}.Debug|Any CPU.ActiveCfg = Debug|Any CPU
		{07550361-197B-4AE3-8218-5A75CF04D097}.Debug|Any CPU.Build.0 = Debug|Any CPU
		{07550361-197B-4AE3-8218-5A75CF04D097}.Debug|x64.ActiveCfg = Debug|Any CPU
		{07550361-197B-4AE3-8218-5A75CF04D097}.Debug|x64.Build.0 = Debug|Any CPU
		{07550361-197B-4AE3-8218-5A75CF04D097}.Debug|x86.ActiveCfg = Debug|Any CPU
		{07550361-197B-4AE3-8218-5A75CF04D097}.Debug|x86.Build.0 = Debug|Any CPU
		{07550361-197B-4AE3-8218-5A75CF04D097}.Release|Any CPU.ActiveCfg = Release|Any CPU
		{07550361-197B-4AE3-8218-5A75CF04D097}.Release|Any CPU.Build.0 = Release|Any CPU
		{07550361-197B-4AE3-8218-5A75CF04D097}.Release|x64.ActiveCfg = Release|Any CPU
		{07550361-197B-4AE3-8218-5A75CF04D097}.Release|x64.Build.0 = Release|Any CPU
		{07550361-197B-4AE3-8218-5A75CF04D097}.Release|x86.ActiveCfg = Release|Any CPU
		{07550361-197B-4AE3-8218-5A75CF04D097}.Release|x86.Build.0 = Release|Any CPU
	EndGlobalSection
	GlobalSection(SolutionProperties) = preSolution
		HideSolutionNode = FALSE
	EndGlobalSection
EndGlobal
